// !$*UTF8*$!
{
	archiveVersion = 1;
	classes = {
	};
	objectVersion = 50;
	objects = {

/* Begin PBXAggregateTarget section */
		01FC60BB25327C3B003320C7 /* Build All */ = {
			isa = PBXAggregateTarget;
			buildConfigurationList = 01FC60BC25327C3B003320C7 /* Build configuration list for PBXAggregateTarget "Build All" */;
			buildPhases = (
			);
			dependencies = (
				01FC60C325327C44003320C7 /* PBXTargetDependency */,
				01FC60C525327C44003320C7 /* PBXTargetDependency */,
			);
			name = "Build All";
			productName = "Build All";
		};
/* End PBXAggregateTarget section */

/* Begin PBXBuildFile section */
		01FC6061253261D8003320C7 /* MyDriver.hpp in Headers */ = {isa = PBXBuildFile; fileRef = 01FC6060253261D8003320C7 /* MyDriver.hpp */; };
		01FC6063253261D8003320C7 /* MyDriver.cpp in Sources */ = {isa = PBXBuildFile; fileRef = 01FC6062253261D8003320C7 /* MyDriver.cpp */; };
		01FC6082253266FF003320C7 /* MyDriverClient.cpp in Sources */ = {isa = PBXBuildFile; fileRef = 01FC6080253266FF003320C7 /* MyDriverClient.cpp */; };
		01FC6083253266FF003320C7 /* MyDriverClient.hpp in Headers */ = {isa = PBXBuildFile; fileRef = 01FC6081253266FF003320C7 /* MyDriverClient.hpp */; };
		01FC60A42532753E003320C7 /* main.c in Sources */ = {isa = PBXBuildFile; fileRef = 01FC609625327521003320C7 /* main.c */; };
		01FC60AE25327547003320C7 /* UserKernelShared.h in Headers */ = {isa = PBXBuildFile; fileRef = 01FC60702532625B003320C7 /* UserKernelShared.h */; };
		01FC60B2253275A1003320C7 /* UserKernelShared.h in Headers */ = {isa = PBXBuildFile; fileRef = 01FC60702532625B003320C7 /* UserKernelShared.h */; };
/* End PBXBuildFile section */

/* Begin PBXContainerItemProxy section */
		01FC60C225327C44003320C7 /* PBXContainerItemProxy */ = {
			isa = PBXContainerItemProxy;
			containerPortal = 01FC6054253261D8003320C7 /* Project object */;
			proxyType = 1;
			remoteGlobalIDString = 01FC605C253261D8003320C7;
			remoteInfo = MyDriver;
		};
		01FC60C425327C44003320C7 /* PBXContainerItemProxy */ = {
			isa = PBXContainerItemProxy;
			containerPortal = 01FC6054253261D8003320C7 /* Project object */;
			proxyType = 1;
			remoteGlobalIDString = 01FC609325327521003320C7;
			remoteInfo = MyDriverClientTool;
		};
/* End PBXContainerItemProxy section */

/* Begin PBXCopyFilesBuildPhase section */
		01FC609225327521003320C7 /* CopyFiles */ = {
			isa = PBXCopyFilesBuildPhase;
			buildActionMask = 2147483647;
			dstPath = /usr/share/man/man1/;
			dstSubfolderSpec = 0;
			files = (
			);
			runOnlyForDeploymentPostprocessing = 1;
		};
/* End PBXCopyFilesBuildPhase section */

/* Begin PBXFileReference section */
		01FC605D253261D8003320C7 /* MyDriver.kext */ = {isa = PBXFileReference; explicitFileType = wrapper.cfbundle; includeInIndex = 0; path = MyDriver.kext; sourceTree = BUILT_PRODUCTS_DIR; };
		01FC6060253261D8003320C7 /* MyDriver.hpp */ = {isa = PBXFileReference; lastKnownFileType = sourcecode.cpp.h; path = MyDriver.hpp; sourceTree = "<group>"; };
		01FC6062253261D8003320C7 /* MyDriver.cpp */ = {isa = PBXFileReference; lastKnownFileType = sourcecode.cpp.cpp; path = MyDriver.cpp; sourceTree = "<group>"; };
		01FC6064253261D8003320C7 /* Info.plist */ = {isa = PBXFileReference; lastKnownFileType = text.plist.xml; path = Info.plist; sourceTree = "<group>"; };
		01FC60702532625B003320C7 /* UserKernelShared.h */ = {isa = PBXFileReference; lastKnownFileType = sourcecode.c.h; path = UserKernelShared.h; sourceTree = "<group>"; };
		01FC6080253266FF003320C7 /* MyDriverClient.cpp */ = {isa = PBXFileReference; lastKnownFileType = sourcecode.cpp.cpp; path = MyDriverClient.cpp; sourceTree = "<group>"; };
		01FC6081253266FF003320C7 /* MyDriverClient.hpp */ = {isa = PBXFileReference; lastKnownFileType = sourcecode.cpp.h; path = MyDriverClient.hpp; sourceTree = "<group>"; };
		01FC609425327521003320C7 /* MyDriverClientTool */ = {isa = PBXFileReference; explicitFileType = "compiled.mach-o.executable"; includeInIndex = 0; path = MyDriverClientTool; sourceTree = BUILT_PRODUCTS_DIR; };
		01FC609625327521003320C7 /* main.c */ = {isa = PBXFileReference; lastKnownFileType = sourcecode.c.c; path = main.c; sourceTree = "<group>"; };
/* End PBXFileReference section */

/* Begin PBXFrameworksBuildPhase section */
		01FC605A253261D8003320C7 /* Frameworks */ = {
			isa = PBXFrameworksBuildPhase;
			buildActionMask = 2147483647;
			files = (
			);
			runOnlyForDeploymentPostprocessing = 0;
		};
		01FC609125327521003320C7 /* Frameworks */ = {
			isa = PBXFrameworksBuildPhase;
			buildActionMask = 2147483647;
			files = (
			);
			runOnlyForDeploymentPostprocessing = 0;
		};
/* End PBXFrameworksBuildPhase section */

/* Begin PBXGroup section */
		01FC6053253261D8003320C7 = {
			isa = PBXGroup;
			children = (
				01FC605F253261D8003320C7 /* MyDriver */,
				01FC609525327521003320C7 /* MyDriverClientTool */,
				01FC605E253261D8003320C7 /* Products */,
			);
			sourceTree = "<group>";
		};
		01FC605E253261D8003320C7 /* Products */ = {
			isa = PBXGroup;
			children = (
				01FC605D253261D8003320C7 /* MyDriver.kext */,
				01FC609425327521003320C7 /* MyDriverClientTool */,
			);
			name = Products;
			sourceTree = "<group>";
		};
		01FC605F253261D8003320C7 /* MyDriver */ = {
			isa = PBXGroup;
			children = (
				01FC606B25326242003320C7 /* Global */,
				01FC608D25327310003320C7 /* Resources */,
				01FC60742532638B003320C7 /* Driver */,
				01FC607F253266E6003320C7 /* UserClient */,
			);
			path = MyDriver;
			sourceTree = "<group>";
		};
		01FC606B25326242003320C7 /* Global */ = {
			isa = PBXGroup;
			children = (
				01FC60702532625B003320C7 /* UserKernelShared.h */,
			);
			path = Global;
			sourceTree = "<group>";
		};
		01FC60742532638B003320C7 /* Driver */ = {
			isa = PBXGroup;
			children = (
				01FC6060253261D8003320C7 /* MyDriver.hpp */,
				01FC6062253261D8003320C7 /* MyDriver.cpp */,
			);
			path = Driver;
			sourceTree = "<group>";
		};
		01FC607F253266E6003320C7 /* UserClient */ = {
			isa = PBXGroup;
			children = (
				01FC6080253266FF003320C7 /* MyDriverClient.cpp */,
				01FC6081253266FF003320C7 /* MyDriverClient.hpp */,
			);
			path = UserClient;
			sourceTree = "<group>";
		};
		01FC608D25327310003320C7 /* Resources */ = {
			isa = PBXGroup;
			children = (
				01FC6064253261D8003320C7 /* Info.plist */,
			);
			path = Resources;
			sourceTree = "<group>";
		};
		01FC609525327521003320C7 /* MyDriverClientTool */ = {
			isa = PBXGroup;
			children = (
				01FC609625327521003320C7 /* main.c */,
			);
			path = MyDriverClientTool;
			sourceTree = "<group>";
		};
/* End PBXGroup section */

/* Begin PBXHeadersBuildPhase section */
		01FC6058253261D8003320C7 /* Headers */ = {
			isa = PBXHeadersBuildPhase;
			buildActionMask = 2147483647;
			files = (
				01FC6061253261D8003320C7 /* MyDriver.hpp in Headers */,
				01FC60AE25327547003320C7 /* UserKernelShared.h in Headers */,
				01FC6083253266FF003320C7 /* MyDriverClient.hpp in Headers */,
			);
			runOnlyForDeploymentPostprocessing = 0;
		};
		01FC60B12532759C003320C7 /* Headers */ = {
			isa = PBXHeadersBuildPhase;
			buildActionMask = 2147483647;
			files = (
				01FC60B2253275A1003320C7 /* UserKernelShared.h in Headers */,
			);
			runOnlyForDeploymentPostprocessing = 0;
		};
/* End PBXHeadersBuildPhase section */

/* Begin PBXNativeTarget section */
		01FC605C253261D8003320C7 /* MyDriver */ = {
			isa = PBXNativeTarget;
			buildConfigurationList = 01FC6067253261D8003320C7 /* Build configuration list for PBXNativeTarget "MyDriver" */;
			buildPhases = (
				01FC6058253261D8003320C7 /* Headers */,
				01FC6059253261D8003320C7 /* Sources */,
				01FC605A253261D8003320C7 /* Frameworks */,
				01FC605B253261D8003320C7 /* Resources */,
			);
			buildRules = (
			);
			dependencies = (
			);
			name = MyDriver;
			productName = MyDriver;
			productReference = 01FC605D253261D8003320C7 /* MyDriver.kext */;
			productType = "com.apple.product-type.kernel-extension";
		};
		01FC609325327521003320C7 /* MyDriverClientTool */ = {
			isa = PBXNativeTarget;
			buildConfigurationList = 01FC609825327521003320C7 /* Build configuration list for PBXNativeTarget "MyDriverClientTool" */;
			buildPhases = (
				01FC60B12532759C003320C7 /* Headers */,
				01FC609025327521003320C7 /* Sources */,
				01FC609125327521003320C7 /* Frameworks */,
				01FC609225327521003320C7 /* CopyFiles */,
			);
			buildRules = (
			);
			dependencies = (
			);
			name = MyDriverClientTool;
			productName = MyDriverClientTool;
			productReference = 01FC609425327521003320C7 /* MyDriverClientTool */;
			productType = "com.apple.product-type.tool";
		};
/* End PBXNativeTarget section */

/* Begin PBXProject section */
		01FC6054253261D8003320C7 /* Project object */ = {
			isa = PBXProject;
			attributes = {
				LastUpgradeCheck = 1200;
				TargetAttributes = {
					01FC605C253261D8003320C7 = {
						CreatedOnToolsVersion = 12.0.1;
					};
					01FC609325327521003320C7 = {
						CreatedOnToolsVersion = 12.0.1;
					};
					01FC60BB25327C3B003320C7 = {
						CreatedOnToolsVersion = 12.0.1;
					};
				};
			};
			buildConfigurationList = 01FC6057253261D8003320C7 /* Build configuration list for PBXProject "MyDriver" */;
			compatibilityVersion = "Xcode 9.3";
			developmentRegion = en;
			hasScannedForEncodings = 0;
			knownRegions = (
				en,
				Base,
			);
			mainGroup = 01FC6053253261D8003320C7;
			productRefGroup = 01FC605E253261D8003320C7 /* Products */;
			projectDirPath = "";
			projectRoot = "";
			targets = (
				01FC605C253261D8003320C7 /* MyDriver */,
				01FC609325327521003320C7 /* MyDriverClientTool */,
				01FC60BB25327C3B003320C7 /* Build All */,
			);
		};
/* End PBXProject section */

/* Begin PBXResourcesBuildPhase section */
		01FC605B253261D8003320C7 /* Resources */ = {
			isa = PBXResourcesBuildPhase;
			buildActionMask = 2147483647;
			files = (
			);
			runOnlyForDeploymentPostprocessing = 0;
		};
/* End PBXResourcesBuildPhase section */

/* Begin PBXSourcesBuildPhase section */
		01FC6059253261D8003320C7 /* Sources */ = {
			isa = PBXSourcesBuildPhase;
			buildActionMask = 2147483647;
			files = (
				01FC6082253266FF003320C7 /* MyDriverClient.cpp in Sources */,
				01FC6063253261D8003320C7 /* MyDriver.cpp in Sources */,
			);
			runOnlyForDeploymentPostprocessing = 0;
		};
		01FC609025327521003320C7 /* Sources */ = {
			isa = PBXSourcesBuildPhase;
			buildActionMask = 2147483647;
			files = (
				01FC60A42532753E003320C7 /* main.c in Sources */,
			);
			runOnlyForDeploymentPostprocessing = 0;
		};
/* End PBXSourcesBuildPhase section */

/* Begin PBXTargetDependency section */
		01FC60C325327C44003320C7 /* PBXTargetDependency */ = {
			isa = PBXTargetDependency;
			target = 01FC605C253261D8003320C7 /* MyDriver */;
			targetProxy = 01FC60C225327C44003320C7 /* PBXContainerItemProxy */;
		};
		01FC60C525327C44003320C7 /* PBXTargetDependency */ = {
			isa = PBXTargetDependency;
			target = 01FC609325327521003320C7 /* MyDriverClientTool */;
			targetProxy = 01FC60C425327C44003320C7 /* PBXContainerItemProxy */;
		};
/* End PBXTargetDependency section */

/* Begin XCBuildConfiguration section */
		01FC6065253261D8003320C7 /* Debug */ = {
			isa = XCBuildConfiguration;
			buildSettings = {
				ALWAYS_SEARCH_USER_PATHS = NO;
				ARCHS = x86_64;
				CLANG_ANALYZER_NONNULL = YES;
				CLANG_ANALYZER_NUMBER_OBJECT_CONVERSION = YES_AGGRESSIVE;
				CLANG_CXX_LANGUAGE_STANDARD = "gnu++14";
				CLANG_CXX_LIBRARY = "libc++";
				CLANG_ENABLE_MODULES = YES;
				CLANG_ENABLE_OBJC_ARC = YES;
				CLANG_ENABLE_OBJC_WEAK = YES;
				CLANG_WARN_BLOCK_CAPTURE_AUTORELEASING = YES;
				CLANG_WARN_BOOL_CONVERSION = YES;
				CLANG_WARN_COMMA = YES;
				CLANG_WARN_CONSTANT_CONVERSION = YES;
				CLANG_WARN_DEPRECATED_OBJC_IMPLEMENTATIONS = YES;
				CLANG_WARN_DIRECT_OBJC_ISA_USAGE = YES_ERROR;
				CLANG_WARN_DOCUMENTATION_COMMENTS = YES;
				CLANG_WARN_EMPTY_BODY = YES;
				CLANG_WARN_ENUM_CONVERSION = YES;
				CLANG_WARN_INFINITE_RECURSION = YES;
				CLANG_WARN_INT_CONVERSION = YES;
				CLANG_WARN_NON_LITERAL_NULL_CONVERSION = YES;
				CLANG_WARN_OBJC_IMPLICIT_RETAIN_SELF = YES;
				CLANG_WARN_OBJC_LITERAL_CONVERSION = YES;
				CLANG_WARN_OBJC_ROOT_CLASS = YES_ERROR;
				CLANG_WARN_QUOTED_INCLUDE_IN_FRAMEWORK_HEADER = YES;
				CLANG_WARN_RANGE_LOOP_ANALYSIS = YES;
				CLANG_WARN_STRICT_PROTOTYPES = YES;
				CLANG_WARN_SUSPICIOUS_MOVE = YES;
				CLANG_WARN_UNGUARDED_AVAILABILITY = YES_AGGRESSIVE;
				CLANG_WARN_UNREACHABLE_CODE = YES;
				CLANG_WARN__DUPLICATE_METHOD_MATCH = YES;
				COPY_PHASE_STRIP = NO;
				DEBUG_INFORMATION_FORMAT = dwarf;
				ENABLE_STRICT_OBJC_MSGSEND = YES;
				ENABLE_TESTABILITY = YES;
				GCC_C_LANGUAGE_STANDARD = gnu11;
				GCC_DYNAMIC_NO_PIC = NO;
				GCC_NO_COMMON_BLOCKS = YES;
				GCC_OPTIMIZATION_LEVEL = 0;
				GCC_PREPROCESSOR_DEFINITIONS = (
					"DEBUG=1",
					"$(inherited)",
				);
				GCC_WARN_64_TO_32_BIT_CONVERSION = YES;
				GCC_WARN_ABOUT_RETURN_TYPE = YES_ERROR;
				GCC_WARN_UNDECLARED_SELECTOR = YES;
				GCC_WARN_UNINITIALIZED_AUTOS = YES_AGGRESSIVE;
				GCC_WARN_UNUSED_FUNCTION = YES;
				GCC_WARN_UNUSED_VARIABLE = YES;
				MACOSX_DEPLOYMENT_TARGET = 10.15;
				MTL_ENABLE_DEBUG_INFO = INCLUDE_SOURCE;
				MTL_FAST_MATH = YES;
				ONLY_ACTIVE_ARCH = YES;
				SDKROOT = macosx;
			};
			name = Debug;
		};
		01FC6066253261D8003320C7 /* Release */ = {
			isa = XCBuildConfiguration;
			buildSettings = {
				ALWAYS_SEARCH_USER_PATHS = NO;
				ARCHS = x86_64;
				CLANG_ANALYZER_NONNULL = YES;
				CLANG_ANALYZER_NUMBER_OBJECT_CONVERSION = YES_AGGRESSIVE;
				CLANG_CXX_LANGUAGE_STANDARD = "gnu++14";
				CLANG_CXX_LIBRARY = "libc++";
				CLANG_ENABLE_MODULES = YES;
				CLANG_ENABLE_OBJC_ARC = YES;
				CLANG_ENABLE_OBJC_WEAK = YES;
				CLANG_WARN_BLOCK_CAPTURE_AUTORELEASING = YES;
				CLANG_WARN_BOOL_CONVERSION = YES;
				CLANG_WARN_COMMA = YES;
				CLANG_WARN_CONSTANT_CONVERSION = YES;
				CLANG_WARN_DEPRECATED_OBJC_IMPLEMENTATIONS = YES;
				CLANG_WARN_DIRECT_OBJC_ISA_USAGE = YES_ERROR;
				CLANG_WARN_DOCUMENTATION_COMMENTS = YES;
				CLANG_WARN_EMPTY_BODY = YES;
				CLANG_WARN_ENUM_CONVERSION = YES;
				CLANG_WARN_INFINITE_RECURSION = YES;
				CLANG_WARN_INT_CONVERSION = YES;
				CLANG_WARN_NON_LITERAL_NULL_CONVERSION = YES;
				CLANG_WARN_OBJC_IMPLICIT_RETAIN_SELF = YES;
				CLANG_WARN_OBJC_LITERAL_CONVERSION = YES;
				CLANG_WARN_OBJC_ROOT_CLASS = YES_ERROR;
				CLANG_WARN_QUOTED_INCLUDE_IN_FRAMEWORK_HEADER = YES;
				CLANG_WARN_RANGE_LOOP_ANALYSIS = YES;
				CLANG_WARN_STRICT_PROTOTYPES = YES;
				CLANG_WARN_SUSPICIOUS_MOVE = YES;
				CLANG_WARN_UNGUARDED_AVAILABILITY = YES_AGGRESSIVE;
				CLANG_WARN_UNREACHABLE_CODE = YES;
				CLANG_WARN__DUPLICATE_METHOD_MATCH = YES;
				COPY_PHASE_STRIP = NO;
				DEBUG_INFORMATION_FORMAT = "dwarf-with-dsym";
				ENABLE_NS_ASSERTIONS = NO;
				ENABLE_STRICT_OBJC_MSGSEND = YES;
				GCC_C_LANGUAGE_STANDARD = gnu11;
				GCC_NO_COMMON_BLOCKS = YES;
				GCC_WARN_64_TO_32_BIT_CONVERSION = YES;
				GCC_WARN_ABOUT_RETURN_TYPE = YES_ERROR;
				GCC_WARN_UNDECLARED_SELECTOR = YES;
				GCC_WARN_UNINITIALIZED_AUTOS = YES_AGGRESSIVE;
				GCC_WARN_UNUSED_FUNCTION = YES;
				GCC_WARN_UNUSED_VARIABLE = YES;
				MACOSX_DEPLOYMENT_TARGET = 10.15;
				MTL_ENABLE_DEBUG_INFO = NO;
				MTL_FAST_MATH = YES;
				SDKROOT = macosx;
			};
			name = Release;
		};
		01FC6068253261D8003320C7 /* Debug */ = {
			isa = XCBuildConfiguration;
			buildSettings = {
				ARCHS = x86_64;
				CLANG_WARN_QUOTED_INCLUDE_IN_FRAMEWORK_HEADER = NO;
				CODE_SIGN_STYLE = Automatic;
				COMBINE_HIDPI_IMAGES = YES;
				CURRENT_PROJECT_VERSION = 1.0.0d1;
				DEVELOPMENT_TEAM = LUPK75PW6Q;
				INFOPLIST_FILE = MyDriver/Resources/Info.plist;
				MACOSX_DEPLOYMENT_TARGET = 10.15;
				MODULE_NAME = "com.black-dragon74.MyDriver";
				MODULE_VERSION = 1.0.0d1;
				PRODUCT_BUNDLE_IDENTIFIER = "com.black-dragon74.MyDriver";
				PRODUCT_NAME = "$(TARGET_NAME)";
				RUN_CLANG_STATIC_ANALYZER = YES;
				WRAPPER_EXTENSION = kext;
			};
			name = Debug;
		};
		01FC6069253261D8003320C7 /* Release */ = {
			isa = XCBuildConfiguration;
			buildSettings = {
				ARCHS = x86_64;
				CLANG_WARN_QUOTED_INCLUDE_IN_FRAMEWORK_HEADER = NO;
				CODE_SIGN_STYLE = Automatic;
				COMBINE_HIDPI_IMAGES = YES;
				CURRENT_PROJECT_VERSION = 1.0.0d1;
				DEVELOPMENT_TEAM = LUPK75PW6Q;
				INFOPLIST_FILE = MyDriver/Resources/Info.plist;
				MACOSX_DEPLOYMENT_TARGET = 10.15;
				MODULE_NAME = "com.black-dragon74.MyDriver";
				MODULE_VERSION = 1.0.0d1;
				PRODUCT_BUNDLE_IDENTIFIER = "com.black-dragon74.MyDriver";
				PRODUCT_NAME = "$(TARGET_NAME)";
				RUN_CLANG_STATIC_ANALYZER = YES;
				WRAPPER_EXTENSION = kext;
			};
			name = Release;
		};
		01FC609925327521003320C7 /* Debug */ = {
			isa = XCBuildConfiguration;
			buildSettings = {
				CODE_SIGN_STYLE = Automatic;
				DEVELOPMENT_TEAM = LUPK75PW6Q;
				ENABLE_HARDENED_RUNTIME = YES;
				PRODUCT_NAME = "$(TARGET_NAME)";
			};
			name = Debug;
		};
		01FC609A25327521003320C7 /* Release */ = {
			isa = XCBuildConfiguration;
			buildSettings = {
				CODE_SIGN_STYLE = Automatic;
				DEVELOPMENT_TEAM = LUPK75PW6Q;
				ENABLE_HARDENED_RUNTIME = YES;
				PRODUCT_NAME = "$(TARGET_NAME)";
			};
			name = Release;
		};
		01FC60BD25327C3B003320C7 /* Debug */ = {
			isa = XCBuildConfiguration;
			buildSettings = {
				CODE_SIGN_STYLE = Automatic;
				DEVELOPMENT_TEAM = LUPK75PW6Q;
				PRODUCT_NAME = "$(TARGET_NAME)";
			};
			name = Debug;
		};
		01FC60BE25327C3B003320C7 /* Release */ = {
			isa = XCBuildConfiguration;
			buildSettings = {
				CODE_SIGN_STYLE = Automatic;
				DEVELOPMENT_TEAM = LUPK75PW6Q;
				PRODUCT_NAME = "$(TARGET_NAME)";
			};
			name = Release;
		};
/* End XCBuildConfiguration section */

/* Begin XCConfigurationList section */
		01FC6057253261D8003320C7 /* Build configuration list for PBXProject "MyDriver" */ = {
			isa = XCConfigurationList;
			buildConfigurations = (
				01FC6065253261D8003320C7 /* Debug */,
				01FC6066253261D8003320C7 /* Release */,
			);
			defaultConfigurationIsVisible = 0;
			defaultConfigurationName = Release;
		};
		01FC6067253261D8003320C7 /* Build configuration list for PBXNativeTarget "MyDriver" */ = {
			isa = XCConfigurationList;
			buildConfigurations = (
				01FC6068253261D8003320C7 /* Debug */,
				01FC6069253261D8003320C7 /* Release */,
			);
			defaultConfigurationIsVisible = 0;
			defaultConfigurationName = Release;
		};
		01FC609825327521003320C7 /* Build configuration list for PBXNativeTarget "MyDriverClientTool" */ = {
			isa = XCConfigurationList;
			buildConfigurations = (
				01FC609925327521003320C7 /* Debug */,
				01FC609A25327521003320C7 /* Release */,
			);
			defaultConfigurationIsVisible = 0;
			defaultConfigurationName = Release;
		};
		01FC60BC25327C3B003320C7 /* Build configuration list for PBXAggregateTarget "Build All" */ = {
			isa = XCConfigurationList;
			buildConfigurations = (
				01FC60BD25327C3B003320C7 /* Debug */,
				01FC60BE25327C3B003320C7 /* Release */,
			);
			defaultConfigurationIsVisible = 0;
			defaultConfigurationName = Release;
		};
/* End XCConfigurationList section */
	};
	rootObject = 01FC6054253261D8003320C7 /* Project object */;
}
